{
  "name": "codex_chat",
  "version": "1.0.0",
  "lockfileVersion": 3,
  "requires": true,
  "packages": {
    "": {
      "name": "codex_chat",
      "version": "1.0.0",
      "license": "ISC",
      "dependencies": {
        "@openai/codex-sdk": "^0.66.0"
      }
    },
    "node_modules/@openai/codex-sdk": {
      "version": "0.66.0",
      "resolved": "https://registry.npmjs.org/@openai/codex-sdk/-/codex-sdk-0.66.0.tgz",
      "integrity": "sha512-mJSSMNsZ2YaxexnaETCO3gz3yvxUrSypv4gXMrWX639SGr5la5vz+hN9goXkDvHRwVPNlgxI+MOVoJpFjIjRLA==",
      "license": "Apache-2.0",
      "engines": {
        "node": ">=18"
      }
    }
  }
}
